
Microsoft Visual Studio Solution File, Format Version 12.00
# Visual Studio Version 17
VisualStudioVersion = 17.10.34928.147
MinimumVisualStudioVersion = 10.0.40219.1
Project("{FAE04EC0-301F-11D3-BF4B-00C04F79EFBC}") = "CustomerAPI", "CustomerAPI\CustomerAPI.csproj", "{9EC25D69-0AB6-43A3-8496-1CB539D2AC46}"
EndProject
Project("{FAE04EC0-301F-11D3-BF4B-00C04F79EFBC}") = "CustomerModels", "CustomerModel\CustomerModels.csproj", "{C111C71C-66E4-41DB-A1FF-3328AED3FAE8}"
EndProject
Project("{FAE04EC0-301F-11D3-BF4B-00C04F79EFBC}") = "CustomerRepositories", "CustomerRepositories\CustomerRepositories.csproj", "{C64444BD-7E71-41AB-880B-FEF054DC1282}"
EndProject
Project("{FAE04EC0-301F-11D3-BF4B-00C04F79EFBC}") = "CustomerUI", "CustomerUI\CustomerUI.csproj", "{B5499E09-8A57-48E3-9120-4FFDA30B89EB}"
EndProject
Global
	GlobalSection(SolutionConfigurationPlatforms) = preSolution
		Debug|Any CPU = Debug|Any CPU
		Release|Any CPU = Release|Any CPU
	EndGlobalSection
	GlobalSection(ProjectConfigurationPlatforms) = postSolution
		{9EC25D69-0AB6-43A3-8496-1CB539D2AC46}.Debug|Any CPU.ActiveCfg = Debug|Any CPU
		{9EC25D69-0AB6-43A3-8496-1CB539D2AC46}.Debug|Any CPU.Build.0 = Debug|Any CPU
		{9EC25D69-0AB6-43A3-8496-1CB539D2AC46}.Release|Any CPU.ActiveCfg = Release|Any CPU
		{9EC25D69-0AB6-43A3-8496-1CB539D2AC46}.Release|Any CPU.Build.0 = Release|Any CPU
		{C111C71C-66E4-41DB-A1FF-3328AED3FAE8}.Debug|Any CPU.ActiveCfg = Debug|Any CPU
		{C111C71C-66E4-41DB-A1FF-3328AED3FAE8}.Debug|Any CPU.Build.0 = Debug|Any CPU
		{C111C71C-66E4-41DB-A1FF-3328AED3FAE8}.Release|Any CPU.ActiveCfg = Release|Any CPU
		{C111C71C-66E4-41DB-A1FF-3328AED3FAE8}.Release|Any CPU.Build.0 = Release|Any CPU
		{C64444BD-7E71-41AB-880B-FEF054DC1282}.Debug|Any CPU.ActiveCfg = Debug|Any CPU
		{C64444BD-7E71-41AB-880B-FEF054DC1282}.Debug|Any CPU.Build.0 = Debug|Any CPU
		{C64444BD-7E71-41AB-880B-FEF054DC1282}.Release|Any CPU.ActiveCfg = Release|Any CPU
		{C64444BD-7E71-41AB-880B-FEF054DC1282}.Release|Any CPU.Build.0 = Release|Any CPU
		{B5499E09-8A57-48E3-9120-4FFDA30B89EB}.Debug|Any CPU.ActiveCfg = Debug|Any CPU
		{B5499E09-8A57-48E3-9120-4FFDA30B89EB}.Debug|Any CPU.Build.0 = Debug|Any CPU
		{B5499E09-8A57-48E3-9120-4FFDA30B89EB}.Release|Any CPU.ActiveCfg = Release|Any CPU
		{B5499E09-8A57-48E3-9120-4FFDA30B89EB}.Release|Any CPU.Build.0 = Release|Any CPU
	EndGlobalSection
	GlobalSection(SolutionProperties) = preSolution
		HideSolutionNode = FALSE
	EndGlobalSection
	GlobalSection(ExtensibilityGlobals) = postSolution
		SolutionGuid = {A951AF5B-48D1-4B5C-8F43-2B6F245AAC30}
	EndGlobalSection
EndGlobal
